
Microsoft Visual Studio Solution File, Format Version 12.00
# Visual Studio Version 16
VisualStudioVersion = 16.0.28803.156
MinimumVisualStudioVersion = 10.0.40219.1
Project("{9A19103F-16F7-4668-BE54-9A1E7A4F7556}") = "Ji", "Ji\Ji\Ji.csproj", "{07ADA5C6-DCF2-4DA7-85D2-9B61FF321EE2}"
EndProject
Project("{FAE04EC0-301F-11D3-BF4B-00C04F79EFBC}") = "Ji.Android", "Ji\Ji.Android\Ji.Android.csproj", "{3B44F62A-1000-4E6F-BD8D-FD6EDE1FE97C}"
EndProject
Global
	GlobalSection(SolutionConfigurationPlatforms) = preSolution
		Debug|Any CPU = Debug|Any CPU
		Debug|iPhone = Debug|iPhone
		Debug|iPhoneSimulator = Debug|iPhoneSimulator
		Debug|x86 = Debug|x86
		Release|Any CPU = Release|Any CPU
		Release|iPhone = Release|iPhone
		Release|iPhoneSimulator = Release|iPhoneSimulator
		Release|x86 = Release|x86
	EndGlobalSection
	GlobalSection(ProjectConfigurationPlatforms) = postSolution
		{07ADA5C6-DCF2-4DA7-85D2-9B61FF321EE2}.Debug|Any CPU.ActiveCfg = Debug|Any CPU
		{07ADA5C6-DCF2-4DA7-85D2-9B61FF321EE2}.Debug|Any CPU.Build.0 = Debug|Any CPU
		{07ADA5C6-DCF2-4DA7-85D2-9B61FF321EE2}.Debug|iPhone.ActiveCfg = Debug|Any CPU
		{07ADA5C6-DCF2-4DA7-85D2-9B61FF321EE2}.Debug|iPhone.Build.0 = Debug|Any CPU
		{07ADA5C6-DCF2-4DA7-85D2-9B61FF321EE2}.Debug|iPhoneSimulator.ActiveCfg = Debug|Any CPU
		{07ADA5C6-DCF2-4DA7-85D2-9B61FF321EE2}.Debug|iPhoneSimulator.Build.0 = Debug|Any CPU
		{07ADA5C6-DCF2-4DA7-85D2-9B61FF321EE2}.Debug|x86.ActiveCfg = Debug|Any CPU
		{07ADA5C6-DCF2-4DA7-85D2-9B61FF321EE2}.Debug|x86.Build.0 = Debug|Any CPU
		{07ADA5C6-DCF2-4DA7-85D2-9B61FF321EE2}.Release|Any CPU.ActiveCfg = Release|Any CPU
		{07ADA5C6-DCF2-4DA7-85D2-9B61FF321EE2}.Release|Any CPU.Build.0 = Release|Any CPU
		{07ADA5C6-DCF2-4DA7-85D2-9B61FF321EE2}.Release|iPhone.ActiveCfg = Release|Any CPU
		{07ADA5C6-DCF2-4DA7-85D2-9B61FF321EE2}.Release|iPhone.Build.0 = Release|Any CPU
		{07ADA5C6-DCF2-4DA7-85D2-9B61FF321EE2}.Release|iPhoneSimulator.ActiveCfg = Release|Any CPU
		{07ADA5C6-DCF2-4DA7-85D2-9B61FF321EE2}.Release|iPhoneSimulator.Build.0 = Release|Any CPU
		{07ADA5C6-DCF2-4DA7-85D2-9B61FF321EE2}.Release|x86.ActiveCfg = Release|Any CPU
		{07ADA5C6-DCF2-4DA7-85D2-9B61FF321EE2}.Release|x86.Build.0 = Release|Any CPU
		{3B44F62A-1000-4E6F-BD8D-FD6EDE1FE97C}.Debug|Any CPU.ActiveCfg = Debug|Any CPU
		{3B44F62A-1000-4E6F-BD8D-FD6EDE1FE97C}.Debug|Any CPU.Build.0 = Debug|Any CPU
		{3B44F62A-1000-4E6F-BD8D-FD6EDE1FE97C}.Debug|Any CPU.Deploy.0 = Debug|Any CPU
		{3B44F62A-1000-4E6F-BD8D-FD6EDE1FE97C}.Debug|iPhone.ActiveCfg = Debug|Any CPU
		{3B44F62A-1000-4E6F-BD8D-FD6EDE1FE97C}.Debug|iPhone.Build.0 = Debug|Any CPU
		{3B44F62A-1000-4E6F-BD8D-FD6EDE1FE97C}.Debug|iPhone.Deploy.0 = Debug|Any CPU
		{3B44F62A-1000-4E6F-BD8D-FD6EDE1FE97C}.Debug|iPhoneSimulator.ActiveCfg = Debug|Any CPU
		{3B44F62A-1000-4E6F-BD8D-FD6EDE1FE97C}.Debug|iPhoneSimulator.Build.0 = Debug|Any CPU
		{3B44F62A-1000-4E6F-BD8D-FD6EDE1FE97C}.Debug|iPhoneSimulator.Deploy.0 = Debug|Any CPU
		{3B44F62A-1000-4E6F-BD8D-FD6EDE1FE97C}.Debug|x86.ActiveCfg = Debug|Any CPU
		{3B44F62A-1000-4E6F-BD8D-FD6EDE1FE97C}.Debug|x86.Build.0 = Debug|Any CPU
		{3B44F62A-1000-4E6F-BD8D-FD6EDE1FE97C}.Debug|x86.Deploy.0 = Debug|Any CPU
		{3B44F62A-1000-4E6F-BD8D-FD6EDE1FE97C}.Release|Any CPU.ActiveCfg = Release|Any CPU
		{3B44F62A-1000-4E6F-BD8D-FD6EDE1FE97C}.Release|Any CPU.Build.0 = Release|Any CPU
		{3B44F62A-1000-4E6F-BD8D-FD6EDE1FE97C}.Release|Any CPU.Deploy.0 = Release|Any CPU
		{3B44F62A-1000-4E6F-BD8D-FD6EDE1FE97C}.Release|iPhone.ActiveCfg = Release|Any CPU
		{3B44F62A-1000-4E6F-BD8D-FD6EDE1FE97C}.Release|iPhone.Build.0 = Release|Any CPU
		{3B44F62A-1000-4E6F-BD8D-FD6EDE1FE97C}.Release|iPhone.Deploy.0 = Release|Any CPU
		{3B44F62A-1000-4E6F-BD8D-FD6EDE1FE97C}.Release|iPhoneSimulator.ActiveCfg = Release|Any CPU
		{3B44F62A-1000-4E6F-BD8D-FD6EDE1FE97C}.Release|iPhoneSimulator.Build.0 = Release|Any CPU
		{3B44F62A-1000-4E6F-BD8D-FD6EDE1FE97C}.Release|iPhoneSimulator.Deploy.0 = Release|Any CPU
		{3B44F62A-1000-4E6F-BD8D-FD6EDE1FE97C}.Release|x86.ActiveCfg = Release|Any CPU
		{3B44F62A-1000-4E6F-BD8D-FD6EDE1FE97C}.Release|x86.Build.0 = Release|Any CPU
		{3B44F62A-1000-4E6F-BD8D-FD6EDE1FE97C}.Release|x86.Deploy.0 = Release|Any CPU
	EndGlobalSection
	GlobalSection(SolutionProperties) = preSolution
		HideSolutionNode = FALSE
	EndGlobalSection
	GlobalSection(ExtensibilityGlobals) = postSolution
		SolutionGuid = {17BE3519-9E27-4063-A3EC-E954FFD48C04}
	EndGlobalSection
EndGlobal
