
Microsoft Visual Studio Solution File, Format Version 12.00
# Visual Studio Version 16
VisualStudioVersion = 16.0.28803.156
MinimumVisualStudioVersion = 10.0.40219.1
Project("{FAE04EC0-301F-11D3-BF4B-00C04F79EFBC}") = "JobInfo", "JobInfo\JobInfo.csproj", "{88E6C12A-7F34-43E9-BCF5-10CB41C174AE}"
EndProject
Project("{FAE04EC0-301F-11D3-BF4B-00C04F79EFBC}") = "TestWinSocket", "TestWinSocket\TestWinSocket.csproj", "{FA3A2679-2CEA-4989-A5C4-7032A4468E81}"
EndProject
Project("{FAE04EC0-301F-11D3-BF4B-00C04F79EFBC}") = "ChatLibrary", "ChatLibrary\ChatLibrary.csproj", "{2DF5F1A5-9B97-4BDB-98AF-45A176C17B5D}"
EndProject
Project("{FAE04EC0-301F-11D3-BF4B-00C04F79EFBC}") = "ChatControlLibrary", "ChatControlLibrary\ChatControlLibrary.csproj", "{3D504FCC-44A1-407B-B8EA-0158F838506B}"
EndProject
Project("{FAE04EC0-301F-11D3-BF4B-00C04F79EFBC}") = "Ji.Android", "Ji\Ji.Android\Ji.Android.csproj", "{3B44F62A-1000-4E6F-BD8D-FD6EDE1FE97C}"
EndProject
Project("{FAE04EC0-301F-11D3-BF4B-00C04F79EFBC}") = "Ji.iOS", "Ji\Ji.iOS\Ji.iOS.csproj", "{8765C4F8-31DC-4D38-8BD5-C3713D6EF37A}"
EndProject
Project("{9A19103F-16F7-4668-BE54-9A1E7A4F7556}") = "Ji", "Ji\Ji\Ji.csproj", "{7DB8E50C-F918-4B90-8B0B-C826586904C8}"
EndProject
Project("{FAE04EC0-301F-11D3-BF4B-00C04F79EFBC}") = "JIcon", "JIcon\JIcon.csproj", "{E170F42B-B55D-46BD-BA07-A6B9625A2ECE}"
EndProject
Project("{FAE04EC0-301F-11D3-BF4B-00C04F79EFBC}") = "ConsoleApp1", "ConsoleApp1\ConsoleApp1.csproj", "{CA3A29E3-C0D7-4461-A8DE-DDD44972A2CB}"
EndProject
Global
	GlobalSection(SolutionConfigurationPlatforms) = preSolution
		Debug|Any CPU = Debug|Any CPU
		Debug|iPhone = Debug|iPhone
		Debug|iPhoneSimulator = Debug|iPhoneSimulator
		Debug|x86 = Debug|x86
		Release|Any CPU = Release|Any CPU
		Release|iPhone = Release|iPhone
		Release|iPhoneSimulator = Release|iPhoneSimulator
		Release|x86 = Release|x86
	EndGlobalSection
	GlobalSection(ProjectConfigurationPlatforms) = postSolution
		{88E6C12A-7F34-43E9-BCF5-10CB41C174AE}.Debug|Any CPU.ActiveCfg = Debug|Any CPU
		{88E6C12A-7F34-43E9-BCF5-10CB41C174AE}.Debug|Any CPU.Build.0 = Debug|Any CPU
		{88E6C12A-7F34-43E9-BCF5-10CB41C174AE}.Debug|iPhone.ActiveCfg = Debug|Any CPU
		{88E6C12A-7F34-43E9-BCF5-10CB41C174AE}.Debug|iPhone.Build.0 = Debug|Any CPU
		{88E6C12A-7F34-43E9-BCF5-10CB41C174AE}.Debug|iPhoneSimulator.ActiveCfg = Debug|Any CPU
		{88E6C12A-7F34-43E9-BCF5-10CB41C174AE}.Debug|iPhoneSimulator.Build.0 = Debug|Any CPU
		{88E6C12A-7F34-43E9-BCF5-10CB41C174AE}.Debug|x86.ActiveCfg = Debug|x86
		{88E6C12A-7F34-43E9-BCF5-10CB41C174AE}.Debug|x86.Build.0 = Debug|x86
		{88E6C12A-7F34-43E9-BCF5-10CB41C174AE}.Release|Any CPU.ActiveCfg = Release|Any CPU
		{88E6C12A-7F34-43E9-BCF5-10CB41C174AE}.Release|Any CPU.Build.0 = Release|Any CPU
		{88E6C12A-7F34-43E9-BCF5-10CB41C174AE}.Release|iPhone.ActiveCfg = Release|Any CPU
		{88E6C12A-7F34-43E9-BCF5-10CB41C174AE}.Release|iPhone.Build.0 = Release|Any CPU
		{88E6C12A-7F34-43E9-BCF5-10CB41C174AE}.Release|iPhoneSimulator.ActiveCfg = Release|Any CPU
		{88E6C12A-7F34-43E9-BCF5-10CB41C174AE}.Release|iPhoneSimulator.Build.0 = Release|Any CPU
		{88E6C12A-7F34-43E9-BCF5-10CB41C174AE}.Release|x86.ActiveCfg = Release|x86
		{88E6C12A-7F34-43E9-BCF5-10CB41C174AE}.Release|x86.Build.0 = Release|x86
		{FA3A2679-2CEA-4989-A5C4-7032A4468E81}.Debug|Any CPU.ActiveCfg = Debug|Any CPU
		{FA3A2679-2CEA-4989-A5C4-7032A4468E81}.Debug|Any CPU.Build.0 = Debug|Any CPU
		{FA3A2679-2CEA-4989-A5C4-7032A4468E81}.Debug|iPhone.ActiveCfg = Debug|Any CPU
		{FA3A2679-2CEA-4989-A5C4-7032A4468E81}.Debug|iPhone.Build.0 = Debug|Any CPU
		{FA3A2679-2CEA-4989-A5C4-7032A4468E81}.Debug|iPhoneSimulator.ActiveCfg = Debug|Any CPU
		{FA3A2679-2CEA-4989-A5C4-7032A4468E81}.Debug|iPhoneSimulator.Build.0 = Debug|Any CPU
		{FA3A2679-2CEA-4989-A5C4-7032A4468E81}.Debug|x86.ActiveCfg = Debug|Any CPU
		{FA3A2679-2CEA-4989-A5C4-7032A4468E81}.Debug|x86.Build.0 = Debug|Any CPU
		{FA3A2679-2CEA-4989-A5C4-7032A4468E81}.Release|Any CPU.ActiveCfg = Release|Any CPU
		{FA3A2679-2CEA-4989-A5C4-7032A4468E81}.Release|Any CPU.Build.0 = Release|Any CPU
		{FA3A2679-2CEA-4989-A5C4-7032A4468E81}.Release|iPhone.ActiveCfg = Release|Any CPU
		{FA3A2679-2CEA-4989-A5C4-7032A4468E81}.Release|iPhone.Build.0 = Release|Any CPU
		{FA3A2679-2CEA-4989-A5C4-7032A4468E81}.Release|iPhoneSimulator.ActiveCfg = Release|Any CPU
		{FA3A2679-2CEA-4989-A5C4-7032A4468E81}.Release|iPhoneSimulator.Build.0 = Release|Any CPU
		{FA3A2679-2CEA-4989-A5C4-7032A4468E81}.Release|x86.ActiveCfg = Release|Any CPU
		{FA3A2679-2CEA-4989-A5C4-7032A4468E81}.Release|x86.Build.0 = Release|Any CPU
		{2DF5F1A5-9B97-4BDB-98AF-45A176C17B5D}.Debug|Any CPU.ActiveCfg = Debug|Any CPU
		{2DF5F1A5-9B97-4BDB-98AF-45A176C17B5D}.Debug|Any CPU.Build.0 = Debug|Any CPU
		{2DF5F1A5-9B97-4BDB-98AF-45A176C17B5D}.Debug|iPhone.ActiveCfg = Debug|Any CPU
		{2DF5F1A5-9B97-4BDB-98AF-45A176C17B5D}.Debug|iPhone.Build.0 = Debug|Any CPU
		{2DF5F1A5-9B97-4BDB-98AF-45A176C17B5D}.Debug|iPhoneSimulator.ActiveCfg = Debug|Any CPU
		{2DF5F1A5-9B97-4BDB-98AF-45A176C17B5D}.Debug|iPhoneSimulator.Build.0 = Debug|Any CPU
		{2DF5F1A5-9B97-4BDB-98AF-45A176C17B5D}.Debug|x86.ActiveCfg = Debug|Any CPU
		{2DF5F1A5-9B97-4BDB-98AF-45A176C17B5D}.Debug|x86.Build.0 = Debug|Any CPU
		{2DF5F1A5-9B97-4BDB-98AF-45A176C17B5D}.Release|Any CPU.ActiveCfg = Release|Any CPU
		{2DF5F1A5-9B97-4BDB-98AF-45A176C17B5D}.Release|Any CPU.Build.0 = Release|Any CPU
		{2DF5F1A5-9B97-4BDB-98AF-45A176C17B5D}.Release|iPhone.ActiveCfg = Release|Any CPU
		{2DF5F1A5-9B97-4BDB-98AF-45A176C17B5D}.Release|iPhone.Build.0 = Release|Any CPU
		{2DF5F1A5-9B97-4BDB-98AF-45A176C17B5D}.Release|iPhoneSimulator.ActiveCfg = Release|Any CPU
		{2DF5F1A5-9B97-4BDB-98AF-45A176C17B5D}.Release|iPhoneSimulator.Build.0 = Release|Any CPU
		{2DF5F1A5-9B97-4BDB-98AF-45A176C17B5D}.Release|x86.ActiveCfg = Release|Any CPU
		{2DF5F1A5-9B97-4BDB-98AF-45A176C17B5D}.Release|x86.Build.0 = Release|Any CPU
		{3D504FCC-44A1-407B-B8EA-0158F838506B}.Debug|Any CPU.ActiveCfg = Debug|Any CPU
		{3D504FCC-44A1-407B-B8EA-0158F838506B}.Debug|Any CPU.Build.0 = Debug|Any CPU
		{3D504FCC-44A1-407B-B8EA-0158F838506B}.Debug|iPhone.ActiveCfg = Debug|Any CPU
		{3D504FCC-44A1-407B-B8EA-0158F838506B}.Debug|iPhone.Build.0 = Debug|Any CPU
		{3D504FCC-44A1-407B-B8EA-0158F838506B}.Debug|iPhoneSimulator.ActiveCfg = Debug|Any CPU
		{3D504FCC-44A1-407B-B8EA-0158F838506B}.Debug|iPhoneSimulator.Build.0 = Debug|Any CPU
		{3D504FCC-44A1-407B-B8EA-0158F838506B}.Debug|x86.ActiveCfg = Debug|Any CPU
		{3D504FCC-44A1-407B-B8EA-0158F838506B}.Debug|x86.Build.0 = Debug|Any CPU
		{3D504FCC-44A1-407B-B8EA-0158F838506B}.Release|Any CPU.ActiveCfg = Release|Any CPU
		{3D504FCC-44A1-407B-B8EA-0158F838506B}.Release|Any CPU.Build.0 = Release|Any CPU
		{3D504FCC-44A1-407B-B8EA-0158F838506B}.Release|iPhone.ActiveCfg = Release|Any CPU
		{3D504FCC-44A1-407B-B8EA-0158F838506B}.Release|iPhone.Build.0 = Release|Any CPU
		{3D504FCC-44A1-407B-B8EA-0158F838506B}.Release|iPhoneSimulator.ActiveCfg = Release|Any CPU
		{3D504FCC-44A1-407B-B8EA-0158F838506B}.Release|iPhoneSimulator.Build.0 = Release|Any CPU
		{3D504FCC-44A1-407B-B8EA-0158F838506B}.Release|x86.ActiveCfg = Release|Any CPU
		{3D504FCC-44A1-407B-B8EA-0158F838506B}.Release|x86.Build.0 = Release|Any CPU
		{3B44F62A-1000-4E6F-BD8D-FD6EDE1FE97C}.Debug|Any CPU.ActiveCfg = Debug|Any CPU
		{3B44F62A-1000-4E6F-BD8D-FD6EDE1FE97C}.Debug|Any CPU.Build.0 = Debug|Any CPU
		{3B44F62A-1000-4E6F-BD8D-FD6EDE1FE97C}.Debug|Any CPU.Deploy.0 = Debug|Any CPU
		{3B44F62A-1000-4E6F-BD8D-FD6EDE1FE97C}.Debug|iPhone.ActiveCfg = Debug|Any CPU
		{3B44F62A-1000-4E6F-BD8D-FD6EDE1FE97C}.Debug|iPhone.Build.0 = Debug|Any CPU
		{3B44F62A-1000-4E6F-BD8D-FD6EDE1FE97C}.Debug|iPhone.Deploy.0 = Debug|Any CPU
		{3B44F62A-1000-4E6F-BD8D-FD6EDE1FE97C}.Debug|iPhoneSimulator.ActiveCfg = Debug|Any CPU
		{3B44F62A-1000-4E6F-BD8D-FD6EDE1FE97C}.Debug|iPhoneSimulator.Build.0 = Debug|Any CPU
		{3B44F62A-1000-4E6F-BD8D-FD6EDE1FE97C}.Debug|iPhoneSimulator.Deploy.0 = Debug|Any CPU
		{3B44F62A-1000-4E6F-BD8D-FD6EDE1FE97C}.Debug|x86.ActiveCfg = Debug|Any CPU
		{3B44F62A-1000-4E6F-BD8D-FD6EDE1FE97C}.Debug|x86.Build.0 = Debug|Any CPU
		{3B44F62A-1000-4E6F-BD8D-FD6EDE1FE97C}.Debug|x86.Deploy.0 = Debug|Any CPU
		{3B44F62A-1000-4E6F-BD8D-FD6EDE1FE97C}.Release|Any CPU.ActiveCfg = Release|Any CPU
		{3B44F62A-1000-4E6F-BD8D-FD6EDE1FE97C}.Release|Any CPU.Build.0 = Release|Any CPU
		{3B44F62A-1000-4E6F-BD8D-FD6EDE1FE97C}.Release|Any CPU.Deploy.0 = Release|Any CPU
		{3B44F62A-1000-4E6F-BD8D-FD6EDE1FE97C}.Release|iPhone.ActiveCfg = Release|Any CPU
		{3B44F62A-1000-4E6F-BD8D-FD6EDE1FE97C}.Release|iPhone.Build.0 = Release|Any CPU
		{3B44F62A-1000-4E6F-BD8D-FD6EDE1FE97C}.Release|iPhone.Deploy.0 = Release|Any CPU
		{3B44F62A-1000-4E6F-BD8D-FD6EDE1FE97C}.Release|iPhoneSimulator.ActiveCfg = Release|Any CPU
		{3B44F62A-1000-4E6F-BD8D-FD6EDE1FE97C}.Release|iPhoneSimulator.Build.0 = Release|Any CPU
		{3B44F62A-1000-4E6F-BD8D-FD6EDE1FE97C}.Release|iPhoneSimulator.Deploy.0 = Release|Any CPU
		{3B44F62A-1000-4E6F-BD8D-FD6EDE1FE97C}.Release|x86.ActiveCfg = Release|Any CPU
		{3B44F62A-1000-4E6F-BD8D-FD6EDE1FE97C}.Release|x86.Build.0 = Release|Any CPU
		{3B44F62A-1000-4E6F-BD8D-FD6EDE1FE97C}.Release|x86.Deploy.0 = Release|Any CPU
		{8765C4F8-31DC-4D38-8BD5-C3713D6EF37A}.Debug|Any CPU.ActiveCfg = Debug|iPhone
		{8765C4F8-31DC-4D38-8BD5-C3713D6EF37A}.Debug|iPhone.ActiveCfg = Debug|iPhone
		{8765C4F8-31DC-4D38-8BD5-C3713D6EF37A}.Debug|iPhone.Build.0 = Debug|iPhone
		{8765C4F8-31DC-4D38-8BD5-C3713D6EF37A}.Debug|iPhoneSimulator.ActiveCfg = Debug|iPhoneSimulator
		{8765C4F8-31DC-4D38-8BD5-C3713D6EF37A}.Debug|iPhoneSimulator.Build.0 = Debug|iPhoneSimulator
		{8765C4F8-31DC-4D38-8BD5-C3713D6EF37A}.Debug|x86.ActiveCfg = Debug|iPhoneSimulator
		{8765C4F8-31DC-4D38-8BD5-C3713D6EF37A}.Release|Any CPU.ActiveCfg = Release|iPhone
		{8765C4F8-31DC-4D38-8BD5-C3713D6EF37A}.Release|iPhone.ActiveCfg = Release|iPhone
		{8765C4F8-31DC-4D38-8BD5-C3713D6EF37A}.Release|iPhone.Build.0 = Release|iPhone
		{8765C4F8-31DC-4D38-8BD5-C3713D6EF37A}.Release|iPhoneSimulator.ActiveCfg = Release|iPhoneSimulator
		{8765C4F8-31DC-4D38-8BD5-C3713D6EF37A}.Release|iPhoneSimulator.Build.0 = Release|iPhoneSimulator
		{8765C4F8-31DC-4D38-8BD5-C3713D6EF37A}.Release|x86.ActiveCfg = Release|iPhoneSimulator
		{7DB8E50C-F918-4B90-8B0B-C826586904C8}.Debug|Any CPU.ActiveCfg = Debug|Any CPU
		{7DB8E50C-F918-4B90-8B0B-C826586904C8}.Debug|Any CPU.Build.0 = Debug|Any CPU
		{7DB8E50C-F918-4B90-8B0B-C826586904C8}.Debug|iPhone.ActiveCfg = Debug|Any CPU
		{7DB8E50C-F918-4B90-8B0B-C826586904C8}.Debug|iPhone.Build.0 = Debug|Any CPU
		{7DB8E50C-F918-4B90-8B0B-C826586904C8}.Debug|iPhoneSimulator.ActiveCfg = Debug|Any CPU
		{7DB8E50C-F918-4B90-8B0B-C826586904C8}.Debug|iPhoneSimulator.Build.0 = Debug|Any CPU
		{7DB8E50C-F918-4B90-8B0B-C826586904C8}.Debug|x86.ActiveCfg = Debug|Any CPU
		{7DB8E50C-F918-4B90-8B0B-C826586904C8}.Debug|x86.Build.0 = Debug|Any CPU
		{7DB8E50C-F918-4B90-8B0B-C826586904C8}.Release|Any CPU.ActiveCfg = Release|Any CPU
		{7DB8E50C-F918-4B90-8B0B-C826586904C8}.Release|Any CPU.Build.0 = Release|Any CPU
		{7DB8E50C-F918-4B90-8B0B-C826586904C8}.Release|iPhone.ActiveCfg = Release|Any CPU
		{7DB8E50C-F918-4B90-8B0B-C826586904C8}.Release|iPhone.Build.0 = Release|Any CPU
		{7DB8E50C-F918-4B90-8B0B-C826586904C8}.Release|iPhoneSimulator.ActiveCfg = Release|Any CPU
		{7DB8E50C-F918-4B90-8B0B-C826586904C8}.Release|iPhoneSimulator.Build.0 = Release|Any CPU
		{7DB8E50C-F918-4B90-8B0B-C826586904C8}.Release|x86.ActiveCfg = Release|Any CPU
		{7DB8E50C-F918-4B90-8B0B-C826586904C8}.Release|x86.Build.0 = Release|Any CPU
		{E170F42B-B55D-46BD-BA07-A6B9625A2ECE}.Debug|Any CPU.ActiveCfg = Debug|Any CPU
		{E170F42B-B55D-46BD-BA07-A6B9625A2ECE}.Debug|Any CPU.Build.0 = Debug|Any CPU
		{E170F42B-B55D-46BD-BA07-A6B9625A2ECE}.Debug|iPhone.ActiveCfg = Debug|Any CPU
		{E170F42B-B55D-46BD-BA07-A6B9625A2ECE}.Debug|iPhone.Build.0 = Debug|Any CPU
		{E170F42B-B55D-46BD-BA07-A6B9625A2ECE}.Debug|iPhoneSimulator.ActiveCfg = Debug|Any CPU
		{E170F42B-B55D-46BD-BA07-A6B9625A2ECE}.Debug|iPhoneSimulator.Build.0 = Debug|Any CPU
		{E170F42B-B55D-46BD-BA07-A6B9625A2ECE}.Debug|x86.ActiveCfg = Debug|Any CPU
		{E170F42B-B55D-46BD-BA07-A6B9625A2ECE}.Debug|x86.Build.0 = Debug|Any CPU
		{E170F42B-B55D-46BD-BA07-A6B9625A2ECE}.Release|Any CPU.ActiveCfg = Release|Any CPU
		{E170F42B-B55D-46BD-BA07-A6B9625A2ECE}.Release|Any CPU.Build.0 = Release|Any CPU
		{E170F42B-B55D-46BD-BA07-A6B9625A2ECE}.Release|iPhone.ActiveCfg = Release|Any CPU
		{E170F42B-B55D-46BD-BA07-A6B9625A2ECE}.Release|iPhone.Build.0 = Release|Any CPU
		{E170F42B-B55D-46BD-BA07-A6B9625A2ECE}.Release|iPhoneSimulator.ActiveCfg = Release|Any CPU
		{E170F42B-B55D-46BD-BA07-A6B9625A2ECE}.Release|iPhoneSimulator.Build.0 = Release|Any CPU
		{E170F42B-B55D-46BD-BA07-A6B9625A2ECE}.Release|x86.ActiveCfg = Release|Any CPU
		{E170F42B-B55D-46BD-BA07-A6B9625A2ECE}.Release|x86.Build.0 = Release|Any CPU
		{CA3A29E3-C0D7-4461-A8DE-DDD44972A2CB}.Debug|Any CPU.ActiveCfg = Debug|Any CPU
		{CA3A29E3-C0D7-4461-A8DE-DDD44972A2CB}.Debug|Any CPU.Build.0 = Debug|Any CPU
		{CA3A29E3-C0D7-4461-A8DE-DDD44972A2CB}.Debug|iPhone.ActiveCfg = Debug|Any CPU
		{CA3A29E3-C0D7-4461-A8DE-DDD44972A2CB}.Debug|iPhone.Build.0 = Debug|Any CPU
		{CA3A29E3-C0D7-4461-A8DE-DDD44972A2CB}.Debug|iPhoneSimulator.ActiveCfg = Debug|Any CPU
		{CA3A29E3-C0D7-4461-A8DE-DDD44972A2CB}.Debug|iPhoneSimulator.Build.0 = Debug|Any CPU
		{CA3A29E3-C0D7-4461-A8DE-DDD44972A2CB}.Debug|x86.ActiveCfg = Debug|Any CPU
		{CA3A29E3-C0D7-4461-A8DE-DDD44972A2CB}.Debug|x86.Build.0 = Debug|Any CPU
		{CA3A29E3-C0D7-4461-A8DE-DDD44972A2CB}.Release|Any CPU.ActiveCfg = Release|Any CPU
		{CA3A29E3-C0D7-4461-A8DE-DDD44972A2CB}.Release|Any CPU.Build.0 = Release|Any CPU
		{CA3A29E3-C0D7-4461-A8DE-DDD44972A2CB}.Release|iPhone.ActiveCfg = Release|Any CPU
		{CA3A29E3-C0D7-4461-A8DE-DDD44972A2CB}.Release|iPhone.Build.0 = Release|Any CPU
		{CA3A29E3-C0D7-4461-A8DE-DDD44972A2CB}.Release|iPhoneSimulator.ActiveCfg = Release|Any CPU
		{CA3A29E3-C0D7-4461-A8DE-DDD44972A2CB}.Release|iPhoneSimulator.Build.0 = Release|Any CPU
		{CA3A29E3-C0D7-4461-A8DE-DDD44972A2CB}.Release|x86.ActiveCfg = Release|Any CPU
		{CA3A29E3-C0D7-4461-A8DE-DDD44972A2CB}.Release|x86.Build.0 = Release|Any CPU
	EndGlobalSection
	GlobalSection(SolutionProperties) = preSolution
		HideSolutionNode = FALSE
	EndGlobalSection
	GlobalSection(ExtensibilityGlobals) = postSolution
		SolutionGuid = {17BE3519-9E27-4063-A3EC-E954FFD48C04}
	EndGlobalSection
EndGlobal
